
Microsoft Visual Studio Solution File, Format Version 12.00
# Visual Studio Version 17
VisualStudioVersion = 17.0.31903.59
MinimumVisualStudioVersion = 10.0.40219.1
Project("{FAE04EC0-301F-11D3-BF4B-00C04F79EFBC}") = "Descuentos", "Descuentos\Descuentos.csproj", "{537285DA-9937-4F52-9672-53B56316AA76}"
EndProject
Project("{FAE04EC0-301F-11D3-BF4B-00C04F79EFBC}") = "Facturación", "Facturación\Facturación.csproj", "{4A146244-EA54-4933-9DCB-D082E1761410}"
EndProject
Global
	GlobalSection(SolutionConfigurationPlatforms) = preSolution
		Debug|Any CPU = Debug|Any CPU
		Debug|x64 = Debug|x64
		Debug|x86 = Debug|x86
		Release|Any CPU = Release|Any CPU
		Release|x64 = Release|x64
		Release|x86 = Release|x86
	EndGlobalSection
	GlobalSection(ProjectConfigurationPlatforms) = postSolution
		{537285DA-9937-4F52-9672-53B56316AA76}.Debug|Any CPU.ActiveCfg = Debug|Any CPU
		{537285DA-9937-4F52-9672-53B56316AA76}.Debug|Any CPU.Build.0 = Debug|Any CPU
		{537285DA-9937-4F52-9672-53B56316AA76}.Debug|x64.ActiveCfg = Debug|Any CPU
		{537285DA-9937-4F52-9672-53B56316AA76}.Debug|x64.Build.0 = Debug|Any CPU
		{537285DA-9937-4F52-9672-53B56316AA76}.Debug|x86.ActiveCfg = Debug|Any CPU
		{537285DA-9937-4F52-9672-53B56316AA76}.Debug|x86.Build.0 = Debug|Any CPU
		{537285DA-9937-4F52-9672-53B56316AA76}.Release|Any CPU.ActiveCfg = Release|Any CPU
		{537285DA-9937-4F52-9672-53B56316AA76}.Release|Any CPU.Build.0 = Release|Any CPU
		{537285DA-9937-4F52-9672-53B56316AA76}.Release|x64.ActiveCfg = Release|Any CPU
		{537285DA-9937-4F52-9672-53B56316AA76}.Release|x64.Build.0 = Release|Any CPU
		{537285DA-9937-4F52-9672-53B56316AA76}.Release|x86.ActiveCfg = Release|Any CPU
		{537285DA-9937-4F52-9672-53B56316AA76}.Release|x86.Build.0 = Release|Any CPU
		{4A146244-EA54-4933-9DCB-D082E1761410}.Debug|Any CPU.ActiveCfg = Debug|Any CPU
		{4A146244-EA54-4933-9DCB-D082E1761410}.Debug|Any CPU.Build.0 = Debug|Any CPU
		{4A146244-EA54-4933-9DCB-D082E1761410}.Debug|x64.ActiveCfg = Debug|Any CPU
		{4A146244-EA54-4933-9DCB-D082E1761410}.Debug|x64.Build.0 = Debug|Any CPU
		{4A146244-EA54-4933-9DCB-D082E1761410}.Debug|x86.ActiveCfg = Debug|Any CPU
		{4A146244-EA54-4933-9DCB-D082E1761410}.Debug|x86.Build.0 = Debug|Any CPU
		{4A146244-EA54-4933-9DCB-D082E1761410}.Release|Any CPU.ActiveCfg = Release|Any CPU
		{4A146244-EA54-4933-9DCB-D082E1761410}.Release|Any CPU.Build.0 = Release|Any CPU
		{4A146244-EA54-4933-9DCB-D082E1761410}.Release|x64.ActiveCfg = Release|Any CPU
		{4A146244-EA54-4933-9DCB-D082E1761410}.Release|x64.Build.0 = Release|Any CPU
		{4A146244-EA54-4933-9DCB-D082E1761410}.Release|x86.ActiveCfg = Release|Any CPU
		{4A146244-EA54-4933-9DCB-D082E1761410}.Release|x86.Build.0 = Release|Any CPU
	EndGlobalSection
	GlobalSection(SolutionProperties) = preSolution
		HideSolutionNode = FALSE
	EndGlobalSection
EndGlobal
